
Microsoft Visual Studio Solution File, Format Version 12.00
# Visual Studio Version 17
VisualStudioVersion = 17.4.33122.133
MinimumVisualStudioVersion = 10.0.40219.1
Project("{9A19103F-16F7-4668-BE54-9A1E7A4F7556}") = "SportsLeague.API", "SportsLeague.API\SportsLeague.API.csproj", "{CB232CB7-4DA9-4D36-B08C-667FDB483008}"
EndProject
Project("{2150E333-8FDC-42A3-9474-1A3956D46DE8}") = "Solution Items", "Solution Items", "{5F54A812-E0AF-4FD1-9BA1-8B785AA77FC9}"
	ProjectSection(SolutionItems) = preProject
		.editorconfig = .editorconfig
	EndProjectSection
EndProject
Global
	GlobalSection(SolutionConfigurationPlatforms) = preSolution
		Debug|Any CPU = Debug|Any CPU
		Release|Any CPU = Release|Any CPU
	EndGlobalSection
	GlobalSection(ProjectConfigurationPlatforms) = postSolution
		{CB232CB7-4DA9-4D36-B08C-667FDB483008}.Debug|Any CPU.ActiveCfg = Debug|Any CPU
		{CB232CB7-4DA9-4D36-B08C-667FDB483008}.Debug|Any CPU.Build.0 = Debug|Any CPU
		{CB232CB7-4DA9-4D36-B08C-667FDB483008}.Release|Any CPU.ActiveCfg = Release|Any CPU
		{CB232CB7-4DA9-4D36-B08C-667FDB483008}.Release|Any CPU.Build.0 = Release|Any CPU
	EndGlobalSection
	GlobalSection(SolutionProperties) = preSolution
		HideSolutionNode = FALSE
	EndGlobalSection
	GlobalSection(ExtensibilityGlobals) = postSolution
		SolutionGuid = {18A1A98F-31CB-42EA-88E4-EE313206BC21}
	EndGlobalSection
EndGlobal
